
Microsoft Visual Studio Solution File, Format Version 12.00
# Visual Studio 2017
Project("{FAE04EC0-301F-11D3-BF4B-00C04F79EFBC}") = "AR-App", "AR-App.csproj", "{1B6CC720-A844-C98E-F8B0-C4CCD1756575}"
EndProject
Project("{FAE04EC0-301F-11D3-BF4B-00C04F79EFBC}") = "AR-App.Editor", "AR-App.Editor.csproj", "{8C1BF121-DAFA-552A-EC79-1B6BF4118176}"
EndProject
Global
	GlobalSection(SolutionConfigurationPlatforms) = preSolution
		Debug|Any CPU = Debug|Any CPU
		Release|Any CPU = Release|Any CPU
	EndGlobalSection
	GlobalSection(ProjectConfigurationPlatforms) = postSolution
		{1B6CC720-A844-C98E-F8B0-C4CCD1756575}.Debug|Any CPU.ActiveCfg = Debug|Any CPU
		{1B6CC720-A844-C98E-F8B0-C4CCD1756575}.Debug|Any CPU.Build.0 = Debug|Any CPU
		{1B6CC720-A844-C98E-F8B0-C4CCD1756575}.Release|Any CPU.ActiveCfg = Release|Any CPU
		{1B6CC720-A844-C98E-F8B0-C4CCD1756575}.Release|Any CPU.Build.0 = Release|Any CPU
		{8C1BF121-DAFA-552A-EC79-1B6BF4118176}.Debug|Any CPU.ActiveCfg = Debug|Any CPU
		{8C1BF121-DAFA-552A-EC79-1B6BF4118176}.Debug|Any CPU.Build.0 = Debug|Any CPU
		{8C1BF121-DAFA-552A-EC79-1B6BF4118176}.Release|Any CPU.ActiveCfg = Release|Any CPU
		{8C1BF121-DAFA-552A-EC79-1B6BF4118176}.Release|Any CPU.Build.0 = Release|Any CPU
	EndGlobalSection
	GlobalSection(SolutionProperties) = preSolution
		HideSolutionNode = FALSE
	EndGlobalSection
EndGlobal
